
Microsoft Visual Studio Solution File, Format Version 12.00
Project("{FAE04EC0-301F-11D3-BF4B-00C04F79EFBC}") = "Users-API", "Users-API\Users-API.csproj", "{5E69A058-FA78-4A8B-86A4-742106D21907}"
EndProject
Project("{2150E333-8FDC-42A3-9474-1A3956D46DE8}") = "Backend", "Backend", "{9A97402E-8F1B-41FB-8F4C-927EF4DAE7B6}"
EndProject
Project("{FAE04EC0-301F-11D3-BF4B-00C04F79EFBC}") = "Products-API", "Products-API\Products-API.csproj", "{E6D755A9-2AC5-42EF-AE2D-65D07CBE36E8}"
EndProject
Project("{FAE04EC0-301F-11D3-BF4B-00C04F79EFBC}") = "Reports-API", "Reports-API\Reports-API.csproj", "{C7DACFD8-C600-41D6-870E-1FE90DC33B38}"
EndProject
Project("{FAE04EC0-301F-11D3-BF4B-00C04F79EFBC}") = "Commons", "Commons\Commons.csproj", "{E16F1F74-A537-41F0-B8C1-E9122649A016}"
EndProject
Global
	GlobalSection(SolutionConfigurationPlatforms) = preSolution
		Debug|Any CPU = Debug|Any CPU
		Release|Any CPU = Release|Any CPU
	EndGlobalSection
	GlobalSection(ProjectConfigurationPlatforms) = postSolution
		{5E69A058-FA78-4A8B-86A4-742106D21907}.Debug|Any CPU.ActiveCfg = Debug|Any CPU
		{5E69A058-FA78-4A8B-86A4-742106D21907}.Debug|Any CPU.Build.0 = Debug|Any CPU
		{5E69A058-FA78-4A8B-86A4-742106D21907}.Release|Any CPU.ActiveCfg = Release|Any CPU
		{5E69A058-FA78-4A8B-86A4-742106D21907}.Release|Any CPU.Build.0 = Release|Any CPU
		{E6D755A9-2AC5-42EF-AE2D-65D07CBE36E8}.Debug|Any CPU.ActiveCfg = Debug|Any CPU
		{E6D755A9-2AC5-42EF-AE2D-65D07CBE36E8}.Debug|Any CPU.Build.0 = Debug|Any CPU
		{E6D755A9-2AC5-42EF-AE2D-65D07CBE36E8}.Release|Any CPU.ActiveCfg = Release|Any CPU
		{E6D755A9-2AC5-42EF-AE2D-65D07CBE36E8}.Release|Any CPU.Build.0 = Release|Any CPU
		{C7DACFD8-C600-41D6-870E-1FE90DC33B38}.Debug|Any CPU.ActiveCfg = Debug|Any CPU
		{C7DACFD8-C600-41D6-870E-1FE90DC33B38}.Debug|Any CPU.Build.0 = Debug|Any CPU
		{C7DACFD8-C600-41D6-870E-1FE90DC33B38}.Release|Any CPU.ActiveCfg = Release|Any CPU
		{C7DACFD8-C600-41D6-870E-1FE90DC33B38}.Release|Any CPU.Build.0 = Release|Any CPU
		{E16F1F74-A537-41F0-B8C1-E9122649A016}.Debug|Any CPU.ActiveCfg = Debug|Any CPU
		{E16F1F74-A537-41F0-B8C1-E9122649A016}.Debug|Any CPU.Build.0 = Debug|Any CPU
		{E16F1F74-A537-41F0-B8C1-E9122649A016}.Release|Any CPU.ActiveCfg = Release|Any CPU
		{E16F1F74-A537-41F0-B8C1-E9122649A016}.Release|Any CPU.Build.0 = Release|Any CPU
	EndGlobalSection
	GlobalSection(NestedProjects) = preSolution
		{5E69A058-FA78-4A8B-86A4-742106D21907} = {9A97402E-8F1B-41FB-8F4C-927EF4DAE7B6}
		{E6D755A9-2AC5-42EF-AE2D-65D07CBE36E8} = {9A97402E-8F1B-41FB-8F4C-927EF4DAE7B6}
		{C7DACFD8-C600-41D6-870E-1FE90DC33B38} = {9A97402E-8F1B-41FB-8F4C-927EF4DAE7B6}
		{E16F1F74-A537-41F0-B8C1-E9122649A016} = {9A97402E-8F1B-41FB-8F4C-927EF4DAE7B6}
	EndGlobalSection
EndGlobal
